# This file is autogenerated, do not edit; changes may be undone by the next 'dep ensure'.


[[projects]]
  digest = "1:04457f9f6f3ffc5fea48e71d62f2ca256637dee0a04d710288e27e05c8b41976"
  name = "github.com/Sirupsen/logrus"
  packages = ["."]
  pruneopts = "UT"
  revision = "839c75faf7f98a33d445d181f3018b5c3409a45e"
  version = "v1.4.2"

[[projects]]
  digest = "1:e92f5581902c345eb4ceffdcd4a854fb8f73cf436d47d837d1ec98ef1fe0a214"
  name = "github.com/StackExchange/wmi"
  packages = ["."]
  pruneopts = "UT"
  revision = "5d049714c4a64225c3c79a7cf7d02f7fb5b96338"
  version = "1.0.0"

[[projects]]
  digest = "1:1a238c579dfc4b55d8d8fc6fd8a40eb29d47f9b5821808afd0d5a566aee40a9e"
  name = "github.com/VividCortex/ewma"
  packages = ["."]
  pruneopts = "UT"
  revision = "43880d236f695d39c62cf7aa4ebd4508c258e6c0"

[[projects]]
  digest = "1:9282f77e3da20ae870e8b3bbbcac1ed6248879a8d7827c6663ef46542ef447e5"
  name = "github.com/andygrunwald/go-jira"
  packages = ["."]
  pruneopts = "UT"
  revision = "c8c6680f245f3721d613b773ea4ab9ee7741b828"

[[projects]]
  digest = "1:0ebe5ea7f4e02cfd9feb54b4a35c5ca14a76f4e58446d31eaecb256a596b3dc6"
  name = "github.com/aws/aws-sdk-go"
  packages = [
    "aws",
    "aws/awserr",
    "aws/awsutil",
    "aws/client",
    "aws/client/metadata",
    "aws/corehandlers",
    "aws/credentials",
    "aws/credentials/ec2rolecreds",
    "aws/credentials/endpointcreds",
    "aws/credentials/stscreds",
    "aws/csm",
    "aws/defaults",
    "aws/ec2metadata",
    "aws/endpoints",
    "aws/request",
    "aws/session",
    "aws/signer/v4",
    "internal/ini",
    "internal/s3err",
    "internal/sdkio",
    "internal/sdkrand",
    "internal/sdkuri",
    "internal/shareddefaults",
    "private/protocol",
    "private/protocol/eventstream",
    "private/protocol/eventstream/eventstreamapi",
    "private/protocol/query",
    "private/protocol/query/queryutil",
    "private/protocol/rest",
    "private/protocol/restxml",
    "private/protocol/xml/xmlutil",
    "service/s3",
    "service/sqs",
    "service/sts",
  ]
  pruneopts = "UT"
  revision = "34ab03ee1a2b90b3baf97ff666397c8fb9b8714b"
  version = "v1.15.64"

[[projects]]
  branch = "master"
  digest = "1:b781c6ce2a81ea819878fe0e907182aa2d3e55629408a9fdbfdff62789f93614"
  name = "github.com/bluele/slack"
  packages = ["."]
  pruneopts = "UT"
  revision = "b4b4d354a079fbf4bd948faad01b32cecb2ffe03"

[[projects]]
  digest = "1:180c854757df397733738318ce36c4587f87b5f7da41d5ff2f47df88c2b67e60"
  name = "github.com/coreos/go-systemd"
  packages = ["journal"]
  pruneopts = "UT"
  revision = "6dc8b843c670f2027cc26b164935635840a40526"
  version = "v9"

[[projects]]
  digest = "1:511f7e1ca840c3b8c5761870d8606aa8bdf95f5d422a74fbe0ef3cf210cfe2c9"
  name = "github.com/davecgh/go-spew"
  packages = ["spew"]
  pruneopts = "UT"
  revision = "04cdfd42973bb9c8589fd6a731800cf222fde1a9"

[[projects]]
  digest = "1:03978dd2010cb0ce6d00dc335580a154469b09270482c4ddc5afc7b4f53976d5"
  name = "github.com/evergreen-ci/pail"
  packages = ["."]
  pruneopts = "UT"
  revision = "7b2f8e0b2d972ca621cad3777d68276a54da13d0"

[[projects]]
  digest = "1:af43bdaaf86655a2343f113e9b293bbc16b12099eaeb223982bbe4d4c22ba14d"
  name = "github.com/fatih/structs"
  packages = ["."]
  pruneopts = "UT"
  revision = "4966fc68f5b7593aafa6cbbba2d65ec6e1416047"
  version = "v1.1.0"

[[projects]]
  digest = "1:1521b1649e8ea39627989eed85f560b45faf3681d010ef4a1f4f065b8ea7b4f3"
  name = "github.com/fsnotify/fsnotify"
  packages = ["."]
  pruneopts = "UT"
  revision = "fd9ec7deca8bf46ecd2a795baaacf2b3a9be1197"

[[projects]]
  digest = "1:fe0ac125cd9042456dbd263525734958602bbea26f1e7c8208280f71b4bfa8f5"
  name = "github.com/fuyufjh/splunk-hec-go"
  packages = ["."]
  pruneopts = "UT"
  revision = "69956d6a6cbd511dade209563c3256c204c9ae51"
  version = "v0.3.3"

[[projects]]
  digest = "1:440028f55cb322d8cb5b9d5ebec298a00b7d74690a658fe6b1c0c0b44341bfae"
  name = "github.com/go-ole/go-ole"
  packages = [
    ".",
    "oleutil",
  ]
  pruneopts = "UT"
  revision = "97b6244175ae18ea6eef668034fd6565847501c9"
  version = "v1.2.4"

[[projects]]
  digest = "1:586ea76dbd0374d6fb649a91d70d652b7fe0ccffb8910a77468e7702e7901f3d"
  name = "github.com/go-stack/stack"
  packages = ["."]
  pruneopts = "UT"
  revision = "2fee6af1a9795aafbe0253a0cfbdf668e1fb8a9a"
  version = "v1.8.0"

[[projects]]
  digest = "1:239c4c7fd2159585454003d9be7207167970194216193a8a210b8d29576f19c9"
  name = "github.com/golang/protobuf"
  packages = [
    "proto",
    "ptypes",
    "ptypes/any",
    "ptypes/duration",
    "ptypes/timestamp",
  ]
  pruneopts = "UT"
  revision = "c823c79ea1570fb5ff454033735a8e68575d1d0f"
  version = "v1.3.0"

[[projects]]
  branch = "master"
  digest = "1:e4f5819333ac698d294fe04dbf640f84719658d5c7ce195b10060cc37292ce79"
  name = "github.com/golang/snappy"
  packages = ["."]
  pruneopts = "UT"
  revision = "2a8bb927dd31d8daada140a5d09578521ce5c36a"

[[projects]]
  digest = "1:76f0090ca1093da462503c6a1559f721d88dfb8282927caab715d1c239042fb1"
  name = "github.com/google/go-github"
  packages = ["github"]
  pruneopts = "UT"
  revision = "7a51fb928f52a196d5f31daefb8a489453ef54ff"

[[projects]]
  digest = "1:a63cff6b5d8b95638bfe300385d93b2a6d9d687734b863da8e09dc834510a690"
  name = "github.com/google/go-querystring"
  packages = ["query"]
  pruneopts = "UT"
  revision = "44c6ddd0a2342c386950e880b658017258da92fc"
  version = "v1.0.0"

[[projects]]
  digest = "1:e22af8c7518e1eab6f2eab2b7d7558927f816262586cd6ed9f349c97a6c285c4"
  name = "github.com/jmespath/go-jmespath"
  packages = ["."]
  pruneopts = "UT"
  revision = "0b12d6b5"

[[projects]]
  digest = "1:31e761d97c76151dde79e9d28964a812c46efc5baee4085b86f68f0c654450de"
  name = "github.com/konsorten/go-windows-terminal-sequences"
  packages = ["."]
  pruneopts = "UT"
  revision = "f55edac94c9bbba5d6182a4be46d86a2c9b5b50e"
  version = "v1.0.2"

[[projects]]
  digest = "1:d96f37849baa62f0029053a96c7a19f832a8bf56f5cb3bd6fd271903b9502068"
  name = "github.com/mattn/go-xmpp"
  packages = ["."]
  pruneopts = "UT"
  revision = "f4550b5399387339df5ce4c3f88c1ef85333bdd5"

[[projects]]
  digest = "1:f048897d11e3e08c3ef8b257688e4dd44207ef16f10a9061bb39a5498b3d7d89"
  name = "github.com/mitchellh/go-homedir"
  packages = ["."]
  pruneopts = "UT"
  revision = "981ab348d865cf048eb7d17e78ac7192632d8415"

[[projects]]
  digest = "1:c9096e195ebb0b9078c4ee27288d702223c6aa3ae598da60251d1f40a7af6bbc"
  name = "github.com/mongodb/amboy"
  packages = [
    ".",
    "dependency",
    "job",
    "pool",
    "queue",
    "registry",
  ]
  pruneopts = "UT"
  revision = "2b8431d235ec6c322dba74eff51988ebd8ac1f7f"

[[projects]]
  digest = "1:df24c4a1eea6866483af86f9033cb39bef3d649162ee44192592a7a66a2ac524"
  name = "github.com/mongodb/ftdc"
  packages = [
    ".",
    "bsonx",
    "bsonx/bsontype",
    "bsonx/decimal",
    "bsonx/elements",
    "bsonx/objectid",
    "events",
    "hdrhist",
  ]
  pruneopts = "UT"
  revision = "6a6069c636ac3af2e8fce50933b93716470a0534"

[[projects]]
  digest = "1:9ac6b34732456b6a8ee726a1b1b426798c708c4b32fe2454ca35fe7da5a9c9c3"
  name = "github.com/mongodb/grip"
  packages = [
    ".",
    "level",
    "logging",
    "message",
    "recovery",
    "send",
    "slogger",
  ]
  pruneopts = "UT"
  revision = "8b8accd7a3ec9b31a2d3eea610d5bf906bddfd11"

[[projects]]
  digest = "1:ebb67d139cef2c7b92a03364ca08d2ca30e0f22f6bac30dc4bcfcf65a98cdea3"
  name = "github.com/mongodb/mongo-go-driver"
  packages = [
    "bson",
    "bson/bsoncodec",
    "bson/bsonrw",
    "bson/bsontype",
    "bson/primitive",
    "x/bsonx",
    "x/bsonx/bsoncore",
  ]
  pruneopts = "UT"
  revision = "e8f52c4942686e6f1d9f366fa1e84b016aae0762"

[[projects]]
  digest = "1:56867314f24c086918f4baa7264882b5e32f19b10371cf32034af80a2aaef2ac"
  name = "github.com/nutmegdevelopment/sumologic"
  packages = ["upload"]
  pruneopts = "UT"
  revision = "42ed9b372fa36887ba95cba2eab345991ca6e217"
  version = "0.0.71"

[[projects]]
  branch = "master"
  digest = "1:b97c460c0a4f832d06eeb76fe9e7a1fdc7cace5a92f36d2c5a63331cfcad0600"
  name = "github.com/papertrail/go-tail"
  packages = ["follower"]
  pruneopts = "UT"
  revision = "973c153b04319fc4604d847b09861a5730cbbde2"

[[projects]]
  digest = "1:6c13131f5eae63cc6c362fc27bee2ed16e32d0bd2bfd869ce2093b6e32917c7c"
  name = "github.com/pkg/errors"
  packages = ["."]
  pruneopts = "UT"
  revision = "2b3a18b5f0fb6b4f9190549597d3f962c02bc5eb"

[[projects]]
  digest = "1:08413c4235cad94a96c39e1e2f697789733c4a87d1fdf06b412d2cf2ba49826a"
  name = "github.com/pmezard/go-difflib"
  packages = ["difflib"]
  pruneopts = "UT"
  revision = "d8ed2627bdf02c080bf22230dbb337003b7aba2d"

[[projects]]
  digest = "1:34a99dd0852c5c9c16e9b86884e9e0cb3e4a7a01df4dea7913f85ea7fb786bbe"
  name = "github.com/satori/go.uuid"
  packages = ["."]
  pruneopts = "UT"
  revision = "879c5887cd475cd7864858769793b2ceb0d44feb"
  version = "v1.1.0"

[[projects]]
  digest = "1:3fb45284d554f369d08136a0fd4d01f50897f6f79469358c41fb5a30a6379dfe"
  name = "github.com/shirou/gopsutil"
  packages = [
    "cpu",
    "disk",
    "host",
    "internal/common",
    "mem",
    "net",
    "process",
  ]
  pruneopts = "UT"
  revision = "da37b31860c94582c739949e48be902d69a321ae"

[[projects]]
  branch = "master"
  digest = "1:99c6a6dab47067c9b898e8c8b13d130c6ab4ffbcc4b7cc6236c2cd0b1e344f5b"
  name = "github.com/shirou/w32"
  packages = ["."]
  pruneopts = "UT"
  revision = "bb4de0191aa41b5507caa14b0650cdbddcd9280b"

[[projects]]
  digest = "1:498565cf249f70c3008005cf92a90ef6c04fd0f310c4fcbf384cef62645bdf71"
  name = "github.com/stretchr/testify"
  packages = [
    "assert",
    "require",
  ]
  pruneopts = "UT"
  revision = "890a5c3458b43e6104ff5da8dfa139d013d77544"

[[projects]]
  digest = "1:4da9aaa05f7e9549c35b1831c921995eccfab964b1e8c0650a5a5487be0d7986"
  name = "github.com/trivago/tgo"
  packages = [
    "tcontainer",
    "treflect",
  ]
  pruneopts = "UT"
  revision = "27c472027c1e3b665eb2f6368d000ce9b879f34a"

[[projects]]
  branch = "master"
  digest = "1:40fdfd6ab85ca32b6935853bbba35935dcb1d796c8135efd85947566c76e662e"
  name = "github.com/xdg/scram"
  packages = ["."]
  pruneopts = "UT"
  revision = "7eeb5667e42c09cb51bf7b7c28aea8c56767da90"

[[projects]]
  branch = "master"
  digest = "1:f5c1d04bc09c644c592b45b9f0bad4030521b1a7d11c7dadbb272d9439fa6e8e"
  name = "github.com/xdg/stringprep"
  packages = ["."]
  pruneopts = "UT"
  revision = "73f8eece6fdcd902c185bf651de50f3828bed5ed"

[[projects]]
  digest = "1:dd901dc5c497aa2c15a2e32d33f51d38f5d2782e89074dda31a78a609d60ba93"
  name = "go.mongodb.org/mongo-driver"
  packages = [
    "bson",
    "bson/bsoncodec",
    "bson/bsonrw",
    "bson/bsontype",
    "bson/primitive",
    "event",
    "internal",
    "mongo",
    "mongo/gridfs",
    "mongo/options",
    "mongo/readconcern",
    "mongo/readpref",
    "mongo/writeconcern",
    "tag",
    "version",
    "x/bsonx",
    "x/bsonx/bsoncore",
    "x/mongo/driver",
    "x/mongo/driver/auth",
    "x/mongo/driver/auth/internal/gssapi",
    "x/mongo/driver/session",
    "x/mongo/driver/topology",
    "x/mongo/driver/uuid",
    "x/network/address",
    "x/network/command",
    "x/network/compressor",
    "x/network/connection",
    "x/network/connstring",
    "x/network/description",
    "x/network/result",
    "x/network/wiremessage",
  ]
  pruneopts = "UT"
  revision = "82905e3077cb5ce7f194748a47b55bf7fff65ccf"
  version = "v1.0.0-rc2"

[[projects]]
  branch = "master"
  digest = "1:f92f6956e4059f6a3efc14924d2dd58ba90da25cc57fe07ae3779ef2f5e0c5f2"
  name = "golang.org/x/crypto"
  packages = ["pbkdf2"]
  pruneopts = "UT"
  revision = "4def268fd1a49955bfb3dda92fe3db4f924f2285"

[[projects]]
  digest = "1:fc7b6b4384e1e849d99eab58eca4f8c0a76bad4699117d5077a9a5c3c83e289e"
  name = "golang.org/x/net"
  packages = [
    "context",
    "http/httpguts",
    "http2",
    "http2/hpack",
    "idna",
    "internal/timeseries",
    "trace",
  ]
  pruneopts = "UT"
  revision = "3a22650c66bd7f4fb6d1e8072ffd7b75c8a27898"

[[projects]]
  digest = "1:b840004a28d52b0df067e75c72892f61d48fe73c9ad2a33727add825a86dc58b"
  name = "golang.org/x/oauth2"
  packages = [
    ".",
    "internal",
  ]
  pruneopts = "UT"
  revision = "f047394b6d14284165300fd82dad67edb3a4d7f6"

[[projects]]
  branch = "master"
  digest = "1:382bb5a7fb4034db3b6a2d19e5a4a6bcf52f4750530603c01ca18a172fa3089b"
  name = "golang.org/x/sync"
  packages = ["semaphore"]
  pruneopts = "UT"
  revision = "112230192c580c3556b8cee6403af37a4fc5f28c"

[[projects]]
  branch = "master"
  digest = "1:00d73f8175ba939718fdfc3d3ecab52270c6d801a1930fbca62100f9a4d8f4c1"
  name = "golang.org/x/sys"
  packages = [
    "unix",
    "windows",
  ]
  pruneopts = "UT"
  revision = "51ab0e2deafac1f46c46ad59cf0921be2f180c3d"

[[projects]]
  digest = "1:698a3249bb7cfc1fd3cd012b1f68ea038f97ae285655a4aad00cf4e9fba687f0"
  name = "golang.org/x/text"
  packages = [
    "collate",
    "collate/build",
    "internal/colltab",
    "internal/gen",
    "internal/language",
    "internal/language/compact",
    "internal/tag",
    "internal/triegen",
    "internal/ucd",
    "language",
    "secure/bidirule",
    "transform",
    "unicode/bidi",
    "unicode/cldr",
    "unicode/norm",
    "unicode/rangetable",
  ]
  pruneopts = "UT"
  revision = "6c92c7dc7f53607809182301b96e4cc1975143f1"

[[projects]]
  digest = "1:eee23bea794beaeac9203818c5aa88859c77c0147ebbc426e0ca5afa16e75ef0"
  name = "gonum.org/v1/gonum"
  packages = [
    "blas",
    "blas/blas64",
    "blas/gonum",
    "floats",
    "graph",
    "graph/internal/linear",
    "graph/internal/ordered",
    "graph/internal/set",
    "graph/simple",
    "graph/topo",
    "graph/traverse",
    "internal/asm/c128",
    "internal/asm/f32",
    "internal/asm/f64",
    "internal/math32",
    "lapack",
    "lapack/gonum",
    "lapack/lapack64",
    "mat",
  ]
  pruneopts = "UT"
  revision = "aff0e10c44138b1247d90efb9117f68ba7c76f0c"

[[projects]]
  digest = "1:498b722d33dde4471e7d6e5d88a5e7132d2a8306fea5ff5ee82d1f418b4f41ed"
  name = "google.golang.org/appengine"
  packages = [
    ".",
    "internal",
    "internal/app_identity",
    "internal/base",
    "internal/datastore",
    "internal/log",
    "internal/modules",
    "internal/remote_api",
    "internal/urlfetch",
    "urlfetch",
  ]
  pruneopts = "UT"
  revision = "b2f4a3cf3c67576a2ee09e1fe62656a5086ce880"
  version = "v1.6.1"

[[projects]]
  digest = "1:077c1c599507b3b3e9156d17d36e1e61928ee9b53a5b420f10f28ebd4a0b275c"
  name = "google.golang.org/genproto"
  packages = ["googleapis/rpc/status"]
  pruneopts = "UT"
  revision = "082222b4a5c572e33e82ee9162d1352c7cf38682"

[[projects]]
  digest = "1:dbaa1b2f123a08d9aa9187775ff22c1ded0a57c665ad8e77ed6de93ef3ef0836"
  name = "google.golang.org/grpc"
  packages = [
    ".",
    "balancer",
    "balancer/base",
    "balancer/roundrobin",
    "binarylog/grpc_binarylog_v1",
    "codes",
    "connectivity",
    "credentials",
    "credentials/internal",
    "encoding",
    "encoding/proto",
    "grpclog",
    "internal",
    "internal/backoff",
    "internal/binarylog",
    "internal/channelz",
    "internal/envconfig",
    "internal/grpcrand",
    "internal/grpcsync",
    "internal/syscall",
    "internal/transport",
    "keepalive",
    "metadata",
    "naming",
    "peer",
    "resolver",
    "resolver/dns",
    "resolver/passthrough",
    "stats",
    "status",
    "tap",
  ]
  pruneopts = "UT"
  revision = "2773c7bbcf81cf358d3f0038b1469b2d44062acb"

[[projects]]
  digest = "1:5052389c6c809eeced44ec24ff9958bfea70b9859b7a25061c6fd9086c8f8989"
  name = "gopkg.in/mgo.v2"
  packages = [
    ".",
    "bson",
    "internal/json",
    "internal/sasl",
    "internal/scram",
  ]
  pruneopts = "UT"
  revision = "3f83fa5005286a7fe593b055f0d7771a7dce4655"

[[projects]]
  digest = "1:1883ec914995921bfc6c1c39a46d1ed153f37ddc6f5348ace363725917dcf476"
  name = "gopkg.in/yaml.v2"
  packages = ["."]
  pruneopts = "UT"
  revision = "25c4ec802a7d637f88d584ab26798e94ad14c13b"

[solve-meta]
  analyzer-name = "dep"
  analyzer-version = 1
  input-imports = [
    "github.com/evergreen-ci/pail",
    "github.com/golang/protobuf/proto",
    "github.com/golang/protobuf/ptypes",
    "github.com/golang/protobuf/ptypes/duration",
    "github.com/golang/protobuf/ptypes/timestamp",
    "github.com/mongodb/amboy",
    "github.com/mongodb/amboy/dependency",
    "github.com/mongodb/amboy/job",
    "github.com/mongodb/amboy/queue",
    "github.com/mongodb/amboy/registry",
    "github.com/mongodb/ftdc",
    "github.com/mongodb/ftdc/bsonx",
    "github.com/mongodb/ftdc/events",
    "github.com/mongodb/grip",
    "github.com/mongodb/grip/message",
    "github.com/mongodb/grip/recovery",
    "github.com/mongodb/mongo-go-driver/bson",
    "github.com/pkg/errors",
    "github.com/stretchr/testify/assert",
    "github.com/stretchr/testify/require",
    "google.golang.org/grpc",
    "google.golang.org/grpc/codes",
    "google.golang.org/grpc/status",
    "gopkg.in/yaml.v2",
  ]
  solver-name = "gps-cdcl"
  solver-version = 1
